# THIS IS AN AUTOGENERATED FILE. DO NOT EDIT THIS FILE DIRECTLY.
# yarn lockfile v1


"@anthropic-ai/sdk@^0.18.0":
  version "0.18.0"
  resolved "https://registry.npmjs.org/@anthropic-ai/sdk/-/sdk-0.18.0.tgz"
  integrity sha512-3XsWEn/4nPGRd4AdSguugbSDFy6Z2AWTNOeI3iK+aV22+w23+vY9CEb3Hiy0kvKIQuxSmZz/+5WKC8nPWy8gVg==
  dependencies:
    "@types/node" "^18.11.18"
    "@types/node-fetch" "^2.6.4"
    abort-controller "^3.0.0"
    agentkeepalive "^4.2.1"
    digest-fetch "^1.3.0"
    form-data-encoder "1.7.2"
    formdata-node "^4.3.2"
    node-fetch "^2.6.7"
    web-streams-polyfill "^3.2.1"

"@esbuild/aix-ppc64@0.20.1":
  version "0.20.1"
  resolved "https://registry.yarnpkg.com/@esbuild/aix-ppc64/-/aix-ppc64-0.20.1.tgz#eafa8775019b3650a77e8310ba4dbd17ca7af6d5"
  integrity sha512-m55cpeupQ2DbuRGQMMZDzbv9J9PgVelPjlcmM5kxHnrBdBx6REaEd7LamYV7Dm8N7rCyR/XwU6rVP8ploKtIkA==

"@esbuild/android-arm64@0.20.1":
  version "0.20.1"
  resolved "https://registry.yarnpkg.com/@esbuild/android-arm64/-/android-arm64-0.20.1.tgz#68791afa389550736f682c15b963a4f37ec2f5f6"
  integrity sha512-hCnXNF0HM6AjowP+Zou0ZJMWWa1VkD77BXe959zERgGJBBxB+sV+J9f/rcjeg2c5bsukD/n17RKWXGFCO5dD5A==

"@esbuild/android-arm@0.20.1":
  version "0.20.1"
  resolved "https://registry.yarnpkg.com/@esbuild/android-arm/-/android-arm-0.20.1.tgz#38c91d8ee8d5196f7fbbdf4f0061415dde3a473a"
  integrity sha512-4j0+G27/2ZXGWR5okcJi7pQYhmkVgb4D7UKwxcqrjhvp5TKWx3cUjgB1CGj1mfdmJBQ9VnUGgUhign+FPF2Zgw==

"@esbuild/android-x64@0.20.1":
  version "0.20.1"
  resolved "https://registry.yarnpkg.com/@esbuild/android-x64/-/android-x64-0.20.1.tgz#93f6190ce997b313669c20edbf3645fc6c8d8f22"
  integrity sha512-MSfZMBoAsnhpS+2yMFYIQUPs8Z19ajwfuaSZx+tSl09xrHZCjbeXXMsUF/0oq7ojxYEpsSo4c0SfjxOYXRbpaA==

"@esbuild/darwin-arm64@0.20.1":
  version "0.20.1"
  resolved "https://registry.yarnpkg.com/@esbuild/darwin-arm64/-/darwin-arm64-0.20.1.tgz#0d391f2e81fda833fe609182cc2fbb65e03a3c46"
  integrity sha512-Ylk6rzgMD8klUklGPzS414UQLa5NPXZD5tf8JmQU8GQrj6BrFA/Ic9tb2zRe1kOZyCbGl+e8VMbDRazCEBqPvA==

"@esbuild/darwin-x64@0.20.1":
  version "0.20.1"
  resolved "https://registry.yarnpkg.com/@esbuild/darwin-x64/-/darwin-x64-0.20.1.tgz#92504077424584684862f483a2242cfde4055ba2"
  integrity sha512-pFIfj7U2w5sMp52wTY1XVOdoxw+GDwy9FsK3OFz4BpMAjvZVs0dT1VXs8aQm22nhwoIWUmIRaE+4xow8xfIDZA==

"@esbuild/freebsd-arm64@0.20.1":
  version "0.20.1"
  resolved "https://registry.yarnpkg.com/@esbuild/freebsd-arm64/-/freebsd-arm64-0.20.1.tgz#a1646fa6ba87029c67ac8a102bb34384b9290774"
  integrity sha512-UyW1WZvHDuM4xDz0jWun4qtQFauNdXjXOtIy7SYdf7pbxSWWVlqhnR/T2TpX6LX5NI62spt0a3ldIIEkPM6RHw==

"@esbuild/freebsd-x64@0.20.1":
  version "0.20.1"
  resolved "https://registry.yarnpkg.com/@esbuild/freebsd-x64/-/freebsd-x64-0.20.1.tgz#41c9243ab2b3254ea7fb512f71ffdb341562e951"
  integrity sha512-itPwCw5C+Jh/c624vcDd9kRCCZVpzpQn8dtwoYIt2TJF3S9xJLiRohnnNrKwREvcZYx0n8sCSbvGH349XkcQeg==

"@esbuild/linux-arm64@0.20.1":
  version "0.20.1"
  resolved "https://registry.yarnpkg.com/@esbuild/linux-arm64/-/linux-arm64-0.20.1.tgz#f3c1e1269fbc9eedd9591a5bdd32bf707a883156"
  integrity sha512-cX8WdlF6Cnvw/DO9/X7XLH2J6CkBnz7Twjpk56cshk9sjYVcuh4sXQBy5bmTwzBjNVZze2yaV1vtcJS04LbN8w==

"@esbuild/linux-arm@0.20.1":
  version "0.20.1"
  resolved "https://registry.yarnpkg.com/@esbuild/linux-arm/-/linux-arm-0.20.1.tgz#4503ca7001a8ee99589c072801ce9d7540717a21"
  integrity sha512-LojC28v3+IhIbfQ+Vu4Ut5n3wKcgTu6POKIHN9Wpt0HnfgUGlBuyDDQR4jWZUZFyYLiz4RBBBmfU6sNfn6RhLw==

"@esbuild/linux-ia32@0.20.1":
  version "0.20.1"
  resolved "https://registry.yarnpkg.com/@esbuild/linux-ia32/-/linux-ia32-0.20.1.tgz#98c474e3e0cbb5bcbdd8561a6e65d18f5767ce48"
  integrity sha512-4H/sQCy1mnnGkUt/xszaLlYJVTz3W9ep52xEefGtd6yXDQbz/5fZE5dFLUgsPdbUOQANcVUa5iO6g3nyy5BJiw==

"@esbuild/linux-loong64@0.20.1":
  version "0.20.1"
  resolved "https://registry.yarnpkg.com/@esbuild/linux-loong64/-/linux-loong64-0.20.1.tgz#a8097d28d14b9165c725fe58fc438f80decd2f33"
  integrity sha512-c0jgtB+sRHCciVXlyjDcWb2FUuzlGVRwGXgI+3WqKOIuoo8AmZAddzeOHeYLtD+dmtHw3B4Xo9wAUdjlfW5yYA==

"@esbuild/linux-mips64el@0.20.1":
  version "0.20.1"
  resolved "https://registry.yarnpkg.com/@esbuild/linux-mips64el/-/linux-mips64el-0.20.1.tgz#c44f6f0d7d017c41ad3bb15bfdb69b690656b5ea"
  integrity sha512-TgFyCfIxSujyuqdZKDZ3yTwWiGv+KnlOeXXitCQ+trDODJ+ZtGOzLkSWngynP0HZnTsDyBbPy7GWVXWaEl6lhA==

"@esbuild/linux-ppc64@0.20.1":
  version "0.20.1"
  resolved "https://registry.yarnpkg.com/@esbuild/linux-ppc64/-/linux-ppc64-0.20.1.tgz#0765a55389a99237b3c84227948c6e47eba96f0d"
  integrity sha512-b+yuD1IUeL+Y93PmFZDZFIElwbmFfIKLKlYI8M6tRyzE6u7oEP7onGk0vZRh8wfVGC2dZoy0EqX1V8qok4qHaw==

"@esbuild/linux-riscv64@0.20.1":
  version "0.20.1"
  resolved "https://registry.yarnpkg.com/@esbuild/linux-riscv64/-/linux-riscv64-0.20.1.tgz#e4153b032288e3095ddf4c8be07893781b309a7e"
  integrity sha512-wpDlpE0oRKZwX+GfomcALcouqjjV8MIX8DyTrxfyCfXxoKQSDm45CZr9fanJ4F6ckD4yDEPT98SrjvLwIqUCgg==

"@esbuild/linux-s390x@0.20.1":
  version "0.20.1"
  resolved "https://registry.yarnpkg.com/@esbuild/linux-s390x/-/linux-s390x-0.20.1.tgz#b9ab8af6e4b73b26d63c1c426d7669a5d53eb5a7"
  integrity sha512-5BepC2Au80EohQ2dBpyTquqGCES7++p7G+7lXe1bAIvMdXm4YYcEfZtQrP4gaoZ96Wv1Ute61CEHFU7h4FMueQ==

"@esbuild/linux-x64@0.20.1":
  version "0.20.1"
  resolved "https://registry.npmjs.org/@esbuild/linux-x64/-/linux-x64-0.20.1.tgz"
  integrity sha512-5gRPk7pKuaIB+tmH+yKd2aQTRpqlf1E4f/mC+tawIm/CGJemZcHZpp2ic8oD83nKgUPMEd0fNanrnFljiruuyA==

"@esbuild/netbsd-x64@0.20.1":
  version "0.20.1"
  resolved "https://registry.yarnpkg.com/@esbuild/netbsd-x64/-/netbsd-x64-0.20.1.tgz#3148e48406cd0d4f7ba1e0bf3f4d77d548c98407"
  integrity sha512-4fL68JdrLV2nVW2AaWZBv3XEm3Ae3NZn/7qy2KGAt3dexAgSVT+Hc97JKSZnqezgMlv9x6KV0ZkZY7UO5cNLCg==

"@esbuild/openbsd-x64@0.20.1":
  version "0.20.1"
  resolved "https://registry.yarnpkg.com/@esbuild/openbsd-x64/-/openbsd-x64-0.20.1.tgz#7b73e852986a9750192626d377ac96ac2b749b76"
  integrity sha512-GhRuXlvRE+twf2ES+8REbeCb/zeikNqwD3+6S5y5/x+DYbAQUNl0HNBs4RQJqrechS4v4MruEr8ZtAin/hK5iw==

"@esbuild/sunos-x64@0.20.1":
  version "0.20.1"
  resolved "https://registry.yarnpkg.com/@esbuild/sunos-x64/-/sunos-x64-0.20.1.tgz#402a441cdac2eee98d8be378c7bc23e00c1861c5"
  integrity sha512-ZnWEyCM0G1Ex6JtsygvC3KUUrlDXqOihw8RicRuQAzw+c4f1D66YlPNNV3rkjVW90zXVsHwZYWbJh3v+oQFM9Q==

"@esbuild/win32-arm64@0.20.1":
  version "0.20.1"
  resolved "https://registry.yarnpkg.com/@esbuild/win32-arm64/-/win32-arm64-0.20.1.tgz#36c4e311085806a6a0c5fc54d1ac4d7b27e94d7b"
  integrity sha512-QZ6gXue0vVQY2Oon9WyLFCdSuYbXSoxaZrPuJ4c20j6ICedfsDilNPYfHLlMH7vGfU5DQR0czHLmJvH4Nzis/A==

"@esbuild/win32-ia32@0.20.1":
  version "0.20.1"
  resolved "https://registry.yarnpkg.com/@esbuild/win32-ia32/-/win32-ia32-0.20.1.tgz#0cf933be3fb9dc58b45d149559fe03e9e22b54fe"
  integrity sha512-HzcJa1NcSWTAU0MJIxOho8JftNp9YALui3o+Ny7hCh0v5f90nprly1U3Sj1Ldj/CvKKdvvFsCRvDkpsEMp4DNw==

"@esbuild/win32-x64@0.20.1":
  version "0.20.1"
  resolved "https://registry.yarnpkg.com/@esbuild/win32-x64/-/win32-x64-0.20.1.tgz#77583b6ea54cee7c1410ebbd54051b6a3fcbd8ba"
  integrity sha512-0MBh53o6XtI6ctDnRMeQ+xoCN8kD2qI1rY1KgF/xdWQwoFeKou7puvDfV8/Wv4Ctx2rRpET/gGdz3YlNtNACSA==

"@tokenizer/token@^0.3.0":
  version "0.3.0"
  resolved "https://registry.yarnpkg.com/@tokenizer/token/-/token-0.3.0.tgz#fe98a93fe789247e998c75e74e9c7c63217aa276"
  integrity sha512-OvjF+z51L3ov0OyAU0duzsYuvO01PH7x4t6DJx+guahgTnBHkhJdG7soQeTSFLWN3efnHyibZ4Z8l2EuWwJN3A==

"@types/node-fetch@^2.6.4":
  version "2.6.11"
  resolved "https://registry.npmjs.org/@types/node-fetch/-/node-fetch-2.6.11.tgz"
  integrity sha512-24xFj9R5+rfQJLRyM56qh+wnVSYhyXC2tkoBndtY0U+vubqNsYXGjufB2nn8Q6gt0LrARwL6UBtMCSVCwl4B1g==
  dependencies:
    "@types/node" "*"
    form-data "^4.0.0"

"@types/node@*", "@types/node@^20.11.30":
  version "20.11.30"
  resolved "https://registry.npmjs.org/@types/node/-/node-20.11.30.tgz"
  integrity sha512-dHM6ZxwlmuZaRmUPfv1p+KrdD1Dci04FbdEm/9wEMouFqxYoFl5aMkt0VMAUtYRQDyYvD41WJLukhq/ha3YuTw==
  dependencies:
    undici-types "~5.26.4"

"@types/node@^18.11.18":
  version "18.19.24"
  resolved "https://registry.npmjs.org/@types/node/-/node-18.19.24.tgz"
  integrity sha512-eghAz3gnbQbvnHqB+mgB2ZR3aH6RhdEmHGS48BnV75KceQPHqabkxKI0BbUSsqhqy2Ddhc2xD/VAR9ySZd57Lw==
  dependencies:
    undici-types "~5.26.4"

abort-controller@^3.0.0:
  version "3.0.0"
  resolved "https://registry.npmjs.org/abort-controller/-/abort-controller-3.0.0.tgz"
  integrity sha512-h8lQ8tacZYnR3vNQTgibj+tODHI5/+l06Au2Pcriv/Gmet0eaj4TwWH41sO9wnHDiQsEj19q0drzdWdeAHtweg==
  dependencies:
    event-target-shim "^5.0.0"

agentkeepalive@^4.2.1:
  version "4.5.0"
  resolved "https://registry.npmjs.org/agentkeepalive/-/agentkeepalive-4.5.0.tgz"
  integrity sha512-5GG/5IbQQpC9FpkRGsSvZI5QYeSCzlJHdpBQntCsuTOxhKD8lqKhrleg2Yi7yvMIf82Ycmmqln9U8V9qwEiJew==
  dependencies:
    humanize-ms "^1.2.1"

asynckit@^0.4.0:
  version "0.4.0"
  resolved "https://registry.npmjs.org/asynckit/-/asynckit-0.4.0.tgz"
  integrity sha512-Oei9OH4tRh0YqU3GxhX79dM/mwVgvbZJaSNaRk+bshkj0S5cfHcgYakreBjrHwatXKbz+IoIdYLxrKim2MjW0Q==

base-64@^0.1.0:
  version "0.1.0"
  resolved "https://registry.npmjs.org/base-64/-/base-64-0.1.0.tgz"
  integrity sha512-Y5gU45svrR5tI2Vt/X9GPd3L0HNIKzGu202EjxrXMpuc2V2CiKgemAbUUsqYmZJvPtCXoUKjNZwBJzsNScUbXA==

charenc@0.0.2:
  version "0.0.2"
  resolved "https://registry.npmjs.org/charenc/-/charenc-0.0.2.tgz"
  integrity sha512-yrLQ/yVUFXkzg7EDQsPieE/53+0RlaWTs+wBrvW36cyilJ2SaDWfl4Yj7MtLTXleV9uEKefbAGUPv2/iWSooRA==

combined-stream@^1.0.8:
  version "1.0.8"
  resolved "https://registry.npmjs.org/combined-stream/-/combined-stream-1.0.8.tgz"
  integrity sha512-FQN4MRfuJeHf7cBbBMJFXhKSDq+2kAArBlmRBvcvFE5BB1HZKXtSFASDhdlz9zOYwxh8lDdnvmMOe/+5cdoEdg==
  dependencies:
    delayed-stream "~1.0.0"

commander@^12.0.0:
  version "12.0.0"
  resolved "https://registry.npmjs.org/commander/-/commander-12.0.0.tgz"
  integrity sha512-MwVNWlYjDTtOjX5PiD7o5pK0UrFU/OYgcJfjjK4RaHZETNtjJqrZa9Y9ds88+A+f+d5lv+561eZ+yCKoS3gbAA==

crypt@0.0.2:
  version "0.0.2"
  resolved "https://registry.npmjs.org/crypt/-/crypt-0.0.2.tgz"
  integrity sha512-mCxBlsHFYh9C+HVpiEacem8FEBnMXgU9gy4zmNC+SXAZNB/1idgp/aulFJ4FgCi7GPEVbfyng092GqL2k2rmow==

delayed-stream@~1.0.0:
  version "1.0.0"
  resolved "https://registry.npmjs.org/delayed-stream/-/delayed-stream-1.0.0.tgz"
  integrity sha512-ZySD7Nf91aLB0RxL4KGrKHBXl7Eds1DAmEdcoVawXnLD7SDhpNgtuII2aAkg7a7QS41jxPSZ17p4VdGnMHk3MQ==

digest-fetch@^1.3.0:
  version "1.3.0"
  resolved "https://registry.npmjs.org/digest-fetch/-/digest-fetch-1.3.0.tgz"
  integrity sha512-CGJuv6iKNM7QyZlM2T3sPAdZWd/p9zQiRNS9G+9COUCwzWFTs0Xp8NF5iePx7wtvhDykReiRRrSeNb4oMmB8lA==
  dependencies:
    base-64 "^0.1.0"
    md5 "^2.3.0"

esbuild@^0.20.1:
  version "0.20.1"
  resolved "https://registry.npmjs.org/esbuild/-/esbuild-0.20.1.tgz"
  integrity sha512-OJwEgrpWm/PCMsLVWXKqvcjme3bHNpOgN7Tb6cQnR5n0TPbQx1/Xrn7rqM+wn17bYeT6MGB5sn1Bh5YiGi70nA==
  optionalDependencies:
    "@esbuild/aix-ppc64" "0.20.1"
    "@esbuild/android-arm" "0.20.1"
    "@esbuild/android-arm64" "0.20.1"
    "@esbuild/android-x64" "0.20.1"
    "@esbuild/darwin-arm64" "0.20.1"
    "@esbuild/darwin-x64" "0.20.1"
    "@esbuild/freebsd-arm64" "0.20.1"
    "@esbuild/freebsd-x64" "0.20.1"
    "@esbuild/linux-arm" "0.20.1"
    "@esbuild/linux-arm64" "0.20.1"
    "@esbuild/linux-ia32" "0.20.1"
    "@esbuild/linux-loong64" "0.20.1"
    "@esbuild/linux-mips64el" "0.20.1"
    "@esbuild/linux-ppc64" "0.20.1"
    "@esbuild/linux-riscv64" "0.20.1"
    "@esbuild/linux-s390x" "0.20.1"
    "@esbuild/linux-x64" "0.20.1"
    "@esbuild/netbsd-x64" "0.20.1"
    "@esbuild/openbsd-x64" "0.20.1"
    "@esbuild/sunos-x64" "0.20.1"
    "@esbuild/win32-arm64" "0.20.1"
    "@esbuild/win32-ia32" "0.20.1"
    "@esbuild/win32-x64" "0.20.1"

event-target-shim@^5.0.0:
  version "5.0.1"
  resolved "https://registry.npmjs.org/event-target-shim/-/event-target-shim-5.0.1.tgz"
  integrity sha512-i/2XbnSz/uxRCU6+NdVJgKWDTM427+MqYbkQzD321DuCQJUqOuJKIA0IM2+W2xtYHdKOmZ4dR6fExsd4SXL+WQ==

file-type@^18.1.0:
  version "18.7.0"
  resolved "https://registry.yarnpkg.com/file-type/-/file-type-18.7.0.tgz#cddb16f184d6b94106cfc4bb56978726b25cb2a2"
  integrity sha512-ihHtXRzXEziMrQ56VSgU7wkxh55iNchFkosu7Y9/S+tXHdKyrGjVK0ujbqNnsxzea+78MaLhN6PGmfYSAv1ACw==
  dependencies:
    readable-web-to-node-stream "^3.0.2"
    strtok3 "^7.0.0"
    token-types "^5.0.1"

form-data-encoder@1.7.2:
  version "1.7.2"
  resolved "https://registry.npmjs.org/form-data-encoder/-/form-data-encoder-1.7.2.tgz"
  integrity sha512-qfqtYan3rxrnCk1VYaA4H+Ms9xdpPqvLZa6xmMgFvhO32x7/3J/ExcTd6qpxM0vH2GdMI+poehyBZvqfMTto8A==

form-data@^4.0.0:
  version "4.0.0"
  resolved "https://registry.npmjs.org/form-data/-/form-data-4.0.0.tgz"
  integrity sha512-ETEklSGi5t0QMZuiXoA/Q6vcnxcLQP5vdugSpuAyi6SVGi2clPPp+xgEhuMaHC+zGgn31Kd235W35f7Hykkaww==
  dependencies:
    asynckit "^0.4.0"
    combined-stream "^1.0.8"
    mime-types "^2.1.12"

formdata-node@^4.3.2:
  version "4.4.1"
  resolved "https://registry.npmjs.org/formdata-node/-/formdata-node-4.4.1.tgz"
  integrity sha512-0iirZp3uVDjVGt9p49aTaqjk84TrglENEDuqfdlZQ1roC9CWlPk6Avf8EEnZNcAqPonwkG35x4n3ww/1THYAeQ==
  dependencies:
    node-domexception "1.0.0"
    web-streams-polyfill "4.0.0-beta.3"

humanize-ms@^1.2.1:
  version "1.2.1"
  resolved "https://registry.npmjs.org/humanize-ms/-/humanize-ms-1.2.1.tgz"
  integrity sha512-Fl70vYtsAFb/C06PTS9dZBo7ihau+Tu/DNCk/OyHhea07S+aeMWpFFkUaXRa8fI+ScZbEI8dfSxwY7gxZ9SAVQ==
  dependencies:
    ms "^2.0.0"

ieee754@^1.2.1:
  version "1.2.1"
  resolved "https://registry.yarnpkg.com/ieee754/-/ieee754-1.2.1.tgz#8eb7a10a63fff25d15a57b001586d177d1b0d352"
  integrity sha512-dcyqhDvX1C46lXZcVqCpK+FtMRQVdIMN6/Df5js2zouUsqG7I6sFxitIC+7KYK29KdXOLHdu9zL4sFnoVQnqaA==

image-type@^5.2.0:
  version "5.2.0"
  resolved "https://registry.yarnpkg.com/image-type/-/image-type-5.2.0.tgz#4da3d6a5835978b3d12a667aeb58200a8490da26"
  integrity sha512-f0+6qHeGfyEh1HhFGPUWZb+Dqqm6raKeeAR6Opt01wBBIQL32/1wpZkPQm8gcliB/Ws6oiX2ofFYXB57+CV0iQ==
  dependencies:
    file-type "^18.1.0"

inherits@^2.0.3:
  version "2.0.4"
  resolved "https://registry.yarnpkg.com/inherits/-/inherits-2.0.4.tgz#0fa2c64f932917c3433a0ded55363aae37416b7c"
  integrity sha512-k/vGaX4/Yla3WzyMCvTQOXYeIHvqOKtnqBduzTHpzpQZzAskKMhZ2K+EnBiSM9zGSoIFeMpXKxa4dYeZIQqewQ==

is-buffer@~1.1.6:
  version "1.1.6"
  resolved "https://registry.npmjs.org/is-buffer/-/is-buffer-1.1.6.tgz"
  integrity sha512-NcdALwpXkTm5Zvvbk7owOUSvVvBKDgKP5/ewfXEznmQFfs4ZRmanOeKBTjRVjka3QFoN6XJ+9F3USqfHqTaU5w==

md5@^2.3.0:
  version "2.3.0"
  resolved "https://registry.npmjs.org/md5/-/md5-2.3.0.tgz"
  integrity sha512-T1GITYmFaKuO91vxyoQMFETst+O71VUPEU3ze5GNzDm0OWdP8v1ziTaAEPUr/3kLsY3Sftgz242A1SetQiDL7g==
  dependencies:
    charenc "0.0.2"
    crypt "0.0.2"
    is-buffer "~1.1.6"

mime-db@1.52.0:
  version "1.52.0"
  resolved "https://registry.npmjs.org/mime-db/-/mime-db-1.52.0.tgz"
  integrity sha512-sPU4uV7dYlvtWJxwwxHD0PuihVNiE7TyAbQ5SWxDCB9mUYvOgroQOwYQQOKPJ8CIbE+1ETVlOoK1UC2nU3gYvg==

mime-types@^2.1.12:
  version "2.1.35"
  resolved "https://registry.npmjs.org/mime-types/-/mime-types-2.1.35.tgz"
  integrity sha512-ZDY+bPm5zTTF+YpCrAU9nK0UgICYPT0QtT1NZWFv4s++TNkcgVaT0g6+4R2uI4MjQjzysHB1zxuWL50hzaeXiw==
  dependencies:
    mime-db "1.52.0"

ms@^2.0.0:
  version "2.1.3"
  resolved "https://registry.npmjs.org/ms/-/ms-2.1.3.tgz"
  integrity sha512-6FlzubTLZG3J2a/NVCAleEhjzq5oxgHyaCU9yYXvcLsvoVaHJq/s5xXI6/XXP6tz7R9xAOtHnSO/tXtF3WRTlA==

node-domexception@1.0.0:
  version "1.0.0"
  resolved "https://registry.npmjs.org/node-domexception/-/node-domexception-1.0.0.tgz"
  integrity sha512-/jKZoMpw0F8GRwl4/eLROPA3cfcXtLApP0QzLmUT/HuPCZWyB7IY9ZrMeKw2O/nFIqPQB3PVM9aYm0F312AXDQ==

node-fetch@^2.6.7:
  version "2.7.0"
  resolved "https://registry.npmjs.org/node-fetch/-/node-fetch-2.7.0.tgz"
  integrity sha512-c4FRfUm/dbcWZ7U+1Wq0AwCyFL+3nt2bEw05wfxSz+DWpWsitgmSgYmy2dQdWyKC1694ELPqMs/YzUSNozLt8A==
  dependencies:
    whatwg-url "^5.0.0"

peek-readable@^5.0.0:
  version "5.0.0"
  resolved "https://registry.yarnpkg.com/peek-readable/-/peek-readable-5.0.0.tgz#7ead2aff25dc40458c60347ea76cfdfd63efdfec"
  integrity sha512-YtCKvLUOvwtMGmrniQPdO7MwPjgkFBtFIrmfSbYmYuq3tKDV/mcfAhBth1+C3ru7uXIZasc/pHnb+YDYNkkj4A==

readable-stream@^3.6.0:
  version "3.6.2"
  resolved "https://registry.yarnpkg.com/readable-stream/-/readable-stream-3.6.2.tgz#56a9b36ea965c00c5a93ef31eb111a0f11056967"
  integrity sha512-9u/sniCrY3D5WdsERHzHE4G2YCXqoG5FTHUiCC4SIbr6XcLZBY05ya9EKjYek9O5xOAwjGq+1JdGBAS7Q9ScoA==
  dependencies:
    inherits "^2.0.3"
    string_decoder "^1.1.1"
    util-deprecate "^1.0.1"

readable-web-to-node-stream@^3.0.2:
  version "3.0.2"
  resolved "https://registry.yarnpkg.com/readable-web-to-node-stream/-/readable-web-to-node-stream-3.0.2.tgz#5d52bb5df7b54861fd48d015e93a2cb87b3ee0bb"
  integrity sha512-ePeK6cc1EcKLEhJFt/AebMCLL+GgSKhuygrZ/GLaKZYEecIgIECf4UaUuaByiGtzckwR4ain9VzUh95T1exYGw==
  dependencies:
    readable-stream "^3.6.0"

safe-buffer@~5.2.0:
  version "5.2.1"
  resolved "https://registry.yarnpkg.com/safe-buffer/-/safe-buffer-5.2.1.tgz#1eaf9fa9bdb1fdd4ec75f58f9cdb4e6b7827eec6"
  integrity sha512-rp3So07KcdmmKbGvgaNxQSJr7bGVSVk5S9Eq1F+ppbRo70+YeaDxkw5Dd8NPN+GD6bjnYm2VuPuCXmpuYvmCXQ==

string_decoder@^1.1.1:
  version "1.3.0"
  resolved "https://registry.yarnpkg.com/string_decoder/-/string_decoder-1.3.0.tgz#42f114594a46cf1a8e30b0a84f56c78c3edac21e"
  integrity sha512-hkRX8U1WjJFd8LsDJ2yQ/wWWxaopEsABU1XfkM8A+j0+85JAGppt16cr1Whg6KIbb4okU6Mql6BOj+uup/wKeA==
  dependencies:
    safe-buffer "~5.2.0"

strtok3@^7.0.0:
  version "7.0.0"
  resolved "https://registry.yarnpkg.com/strtok3/-/strtok3-7.0.0.tgz#868c428b4ade64a8fd8fee7364256001c1a4cbe5"
  integrity sha512-pQ+V+nYQdC5H3Q7qBZAz/MO6lwGhoC2gOAjuouGf/VO0m7vQRh8QNMl2Uf6SwAtzZ9bOw3UIeBukEGNJl5dtXQ==
  dependencies:
    "@tokenizer/token" "^0.3.0"
    peek-readable "^5.0.0"

token-types@^5.0.1:
  version "5.0.1"
  resolved "https://registry.yarnpkg.com/token-types/-/token-types-5.0.1.tgz#aa9d9e6b23c420a675e55413b180635b86a093b4"
  integrity sha512-Y2fmSnZjQdDb9W4w4r1tswlMHylzWIeOKpx0aZH9BgGtACHhrk3OkT52AzwcuqTRBZtvvnTjDBh8eynMulu8Vg==
  dependencies:
    "@tokenizer/token" "^0.3.0"
    ieee754 "^1.2.1"

tr46@~0.0.3:
  version "0.0.3"
  resolved "https://registry.npmjs.org/tr46/-/tr46-0.0.3.tgz"
  integrity sha512-N3WMsuqV66lT30CrXNbEjx4GEwlow3v6rr4mCcv6prnfwhS01rkgyFdjPNBYd9br7LpXV1+Emh01fHnq2Gdgrw==

typescript@^5.4.3:
  version "5.4.3"
  resolved "https://registry.npmjs.org/typescript/-/typescript-5.4.3.tgz"
  integrity sha512-KrPd3PKaCLr78MalgiwJnA25Nm8HAmdwN3mYUYZgG/wizIo9EainNVQI9/yDavtVFRN2h3k8uf3GLHuhDMgEHg==

undici-types@~5.26.4:
  version "5.26.5"
  resolved "https://registry.npmjs.org/undici-types/-/undici-types-5.26.5.tgz"
  integrity sha512-JlCMO+ehdEIKqlFxk6IfVoAUVmgz7cU7zD/h9XZ0qzeosSHmUJVOzSQvvYSYWXkFXC+IfLKSIffhv0sVZup6pA==

util-deprecate@^1.0.1:
  version "1.0.2"
  resolved "https://registry.yarnpkg.com/util-deprecate/-/util-deprecate-1.0.2.tgz#450d4dc9fa70de732762fbd2d4a28981419a0ccf"
  integrity sha512-EPD5q1uXyFxJpCrLnCc1nHnq3gOa6DZBocAIiI2TaSCA7VCJ1UJDMagCzIkXNsUYfD1daK//LTEQ8xiIbrHtcw==

web-streams-polyfill@4.0.0-beta.3:
  version "4.0.0-beta.3"
  resolved "https://registry.npmjs.org/web-streams-polyfill/-/web-streams-polyfill-4.0.0-beta.3.tgz"
  integrity sha512-QW95TCTaHmsYfHDybGMwO5IJIM93I/6vTRk+daHTWFPhwh+C8Cg7j7XyKrwrj8Ib6vYXe0ocYNrmzY4xAAN6ug==

web-streams-polyfill@^3.2.1:
  version "3.3.3"
  resolved "https://registry.npmjs.org/web-streams-polyfill/-/web-streams-polyfill-3.3.3.tgz"
  integrity sha512-d2JWLCivmZYTSIoge9MsgFCZrt571BikcWGYkjC1khllbTeDlGqZ2D8vD8E/lJa8WGWbb7Plm8/XJYV7IJHZZw==

webidl-conversions@^3.0.0:
  version "3.0.1"
  resolved "https://registry.npmjs.org/webidl-conversions/-/webidl-conversions-3.0.1.tgz"
  integrity sha512-2JAn3z8AR6rjK8Sm8orRC0h/bcl/DqL7tRPdGZ4I1CjdF+EaMLmYxBHyXuKL849eucPFhvBoxMsflfOb8kxaeQ==

whatwg-url@^5.0.0:
  version "5.0.0"
  resolved "https://registry.npmjs.org/whatwg-url/-/whatwg-url-5.0.0.tgz"
  integrity sha512-saE57nupxk6v3HY35+jzBwYa0rKSy0XR8JSxZPwgLr7ys0IBzhGviA1/TUGJLmSVqs8pb9AnvICXEuOHLprYTw==
  dependencies:
    tr46 "~0.0.3"
    webidl-conversions "^3.0.0"
